
Microsoft Visual Studio Solution File, Format Version 12.00
# Visual Studio Version 16
VisualStudioVersion = 16.0.29920.165
MinimumVisualStudioVersion = 10.0.40219.1
Project("{8BC9CEB8-8B4A-11D0-8D11-00A0C91BC942}") = "craps_ui", "craps_ui.vcxproj", "{6F914CF7-3079-4FB2-9318-6604D493303A}"
EndProject
Global
	GlobalSection(SolutionConfigurationPlatforms) = preSolution
		Debug|x64 = Debug|x64
		Release|x64 = Release|x64
	EndGlobalSection
	GlobalSection(ProjectConfigurationPlatforms) = postSolution
		{6F914CF7-3079-4FB2-9318-6604D493303A}.Debug|x64.ActiveCfg = Debug|x64
		{6F914CF7-3079-4FB2-9318-6604D493303A}.Debug|x64.Build.0 = Debug|x64
		{6F914CF7-3079-4FB2-9318-6604D493303A}.Release|x64.ActiveCfg = Release|x64
		{6F914CF7-3079-4FB2-9318-6604D493303A}.Release|x64.Build.0 = Release|x64
	EndGlobalSection
	GlobalSection(SolutionProperties) = preSolution
		HideSolutionNode = FALSE
	EndGlobalSection
	GlobalSection(ExtensibilityGlobals) = postSolution
		SolutionGuid = {15D969E9-76C1-4B04-9B5B-C592AADBB7FC}
	EndGlobalSection
EndGlobal
